
Microsoft Visual Studio Solution File, Format Version 12.00
# Visual Studio 15
VisualStudioVersion = 15.0.28307.421
MinimumVisualStudioVersion = 10.0.40219.1
Project("{FAE04EC0-301F-11D3-BF4B-00C04F79EFBC}") = "Proyecto4", "Proyecto4\Proyecto4.csproj", "{4E39D90E-E4DB-4A94-9331-92165CC51EAD}"
EndProject
Global
	GlobalSection(SolutionConfigurationPlatforms) = preSolution
		Debug|Any CPU = Debug|Any CPU
		Release|Any CPU = Release|Any CPU
	EndGlobalSection
	GlobalSection(ProjectConfigurationPlatforms) = postSolution
		{4E39D90E-E4DB-4A94-9331-92165CC51EAD}.Debug|Any CPU.ActiveCfg = Debug|Any CPU
		{4E39D90E-E4DB-4A94-9331-92165CC51EAD}.Debug|Any CPU.Build.0 = Debug|Any CPU
		{4E39D90E-E4DB-4A94-9331-92165CC51EAD}.Release|Any CPU.ActiveCfg = Release|Any CPU
		{4E39D90E-E4DB-4A94-9331-92165CC51EAD}.Release|Any CPU.Build.0 = Release|Any CPU
	EndGlobalSection
	GlobalSection(SolutionProperties) = preSolution
		HideSolutionNode = FALSE
	EndGlobalSection
	GlobalSection(ExtensibilityGlobals) = postSolution
		SolutionGuid = {5D46A9AA-B1E7-46FA-B3C2-489B8B581A84}
	EndGlobalSection
EndGlobal
